
Microsoft Visual Studio Solution File, Format Version 12.00
# Visual Studio Version 17
VisualStudioVersion = 17.7.34031.279
MinimumVisualStudioVersion = 10.0.40219.1
Project("{FAE04EC0-301F-11D3-BF4B-00C04F79EFBC}") = "SellersProject", "SellersProject\SellersProject.csproj", "{96E5C37B-8E1D-4107-9B72-D56A629FAD96}"
EndProject
Global
	GlobalSection(SolutionConfigurationPlatforms) = preSolution
		Debug|Any CPU = Debug|Any CPU
		Release|Any CPU = Release|Any CPU
	EndGlobalSection
	GlobalSection(ProjectConfigurationPlatforms) = postSolution
		{96E5C37B-8E1D-4107-9B72-D56A629FAD96}.Debug|Any CPU.ActiveCfg = Debug|Any CPU
		{96E5C37B-8E1D-4107-9B72-D56A629FAD96}.Debug|Any CPU.Build.0 = Debug|Any CPU
		{96E5C37B-8E1D-4107-9B72-D56A629FAD96}.Release|Any CPU.ActiveCfg = Release|Any CPU
		{96E5C37B-8E1D-4107-9B72-D56A629FAD96}.Release|Any CPU.Build.0 = Release|Any CPU
	EndGlobalSection
	GlobalSection(SolutionProperties) = preSolution
		HideSolutionNode = FALSE
	EndGlobalSection
	GlobalSection(ExtensibilityGlobals) = postSolution
		SolutionGuid = {1DE80836-D65F-46B0-9689-343724401C35}
	EndGlobalSection
EndGlobal
